<?xml version="1.0" encoding="utf-8"?>
<Project ToolsVersion="4.0" xmlns="http://schemas.microsoft.com/developer/msbuild/2003">
  <ItemGroup>
    <Filter Include="Source Files">
      <UniqueIdentifier>{4FC737F1-C7A5-4376-A066-2A32D752A2FF}</UniqueIdentifier>
      <Extensions>cpp;c;cc;cxx;def;odl;idl;hpj;bat;asm;asmx</Extensions>
    </Filter>
    <Filter Include="Header Files">
      <UniqueIdentifier>{93995380-89BD-4b04-88EB-625FBE52EBFB}</UniqueIdentifier>
      <Extensions>h;hpp;hxx;hm;inl;inc;xsd</Extensions>
    </Filter>
    <Filter Include="Resource Files">
      <UniqueIdentifier>{67DA6AB6-F800-4c08-8B7A-83BB121AAD01}</UniqueIdentifier>
      <Extensions>rc;ico;cur;bmp;dlg;rc2;rct;bin;rgs;gif;jpg;jpeg;jpe;resx;tiff;tif;png;wav;mfcribbon-ms</Extensions>
    </Filter>
    <Filter Include="Source Files\ui">
      <UniqueIdentifier>{86b40ead-a3ae-4f25-89c6-4353999ab42d}</UniqueIdentifier>
    </Filter>
    <Filter Include="Source Files\tixml">
      <UniqueIdentifier>{375da128-679e-4131-82d3-cd4db6e4c263}</UniqueIdentifier>
    </Filter>
  </ItemGroup>
  <ItemGroup>
    <ClInclude Include="../src/example.h">
      <Filter>Header Files</Filter>
    </ClInclude>
    <ClInclude Include="..\src\bezier.h">
      <Filter>Source Files</Filter>
    </ClInclude>
    <ClInclude Include="..\src\ConLIST.H">
      <Filter>Source Files</Filter>
    </ClInclude>
    <ClInclude Include="..\src\definitions.h">
      <Filter>Source Files</Filter>
    </ClInclude>
    <ClInclude Include="..\src\GameScreen.h">
      <Filter>Source Files</Filter>
    </ClInclude>
    <ClInclude Include="..\src\Helper.h">
      <Filter>Source Files</Filter>
    </ClInclude>
    <ClInclude Include="..\src\LogoScreen.h">
      <Filter>Source Files</Filter>
    </ClInclude>
    <ClInclude Include="..\src\MainScreen.h">
      <Filter>Source Files</Filter>
    </ClInclude>
    <ClInclude Include="..\src\Player.h">
      <Filter>Source Files</Filter>
    </ClInclude>
    <ClInclude Include="..\src\TriangulationCl.h">
      <Filter>Source Files</Filter>
    </ClInclude>
    <ClInclude Include="..\src\ui\Button2.h">
      <Filter>Source Files\ui</Filter>
    </ClInclude>
    <ClInclude Include="..\src\ui\Modal.h">
      <Filter>Source Files\ui</Filter>
    </ClInclude>
    <ClInclude Include="..\src\Localization.h">
      <Filter>Source Files</Filter>
    </ClInclude>
    <ClInclude Include="..\src\blocking.h">
      <Filter>Source Files</Filter>
    </ClInclude>
    <ClInclude Include="..\src\coroutines.h">
      <Filter>Source Files</Filter>
    </ClInclude>
    <ClInclude Include="..\src\ios_wrapper.h">
      <Filter>Source Files</Filter>
    </ClInclude>
    <ClInclude Include="..\src\analytics.h">
      <Filter>Source Files</Filter>
    </ClInclude>
    <ClInclude Include="..\src\achievements.h">
      <Filter>Source Files</Filter>
    </ClInclude>
    <ClInclude Include="..\src\tinyxml_p\bind_dynamics.h">
      <Filter>Source Files\tixml</Filter>
    </ClInclude>
    <ClInclude Include="..\src\tinyxml_p\tinybind.h">
      <Filter>Source Files\tixml</Filter>
    </ClInclude>
    <ClInclude Include="..\src\tinyxml_p\tinystr.h">
      <Filter>Source Files\tixml</Filter>
    </ClInclude>
    <ClInclude Include="..\src\tinyxml_p\tinyxml.h">
      <Filter>Source Files\tixml</Filter>
    </ClInclude>
    <ClInclude Include="..\src\Board2048.h">
      <Filter>Source Files</Filter>
    </ClInclude>
    <ClInclude Include="..\src\Popup.h">
      <Filter>Source Files</Filter>
    </ClInclude>
    <ClInclude Include="..\src\window.h">
      <Filter>Source Files</Filter>
    </ClInclude>
    <ClInclude Include="..\src\SettingWindow.h">
      <Filter>Source Files</Filter>
    </ClInclude>
    <ClInclude Include="..\src\MainMenuScreen.h">
      <Filter>Source Files</Filter>
    </ClInclude>
  </ItemGroup>
  <ItemGroup>
    <ClCompile Include="..\src\bezier.cpp">
      <Filter>Source Files</Filter>
    </ClCompile>
    <ClCompile Include="..\src\definitions.cpp">
      <Filter>Source Files</Filter>
    </ClCompile>
    <ClCompile Include="..\src\entry_point.cpp">
      <Filter>Source Files</Filter>
    </ClCompile>
    <ClCompile Include="..\src\GameScreen.cpp">
      <Filter>Source Files</Filter>
    </ClCompile>
    <ClCompile Include="..\src\Helper.cpp">
      <Filter>Source Files</Filter>
    </ClCompile>
    <ClCompile Include="..\src\LogoScreen.cpp">
      <Filter>Source Files</Filter>
    </ClCompile>
    <ClCompile Include="..\src\MainScreen.cpp">
      <Filter>Source Files</Filter>
    </ClCompile>
    <ClCompile Include="..\src\Player.cpp">
      <Filter>Source Files</Filter>
    </ClCompile>
    <ClCompile Include="..\src\ui\Button2.cpp">
      <Filter>Source Files\ui</Filter>
    </ClCompile>
    <ClCompile Include="..\src\ui\Modal.cpp">
      <Filter>Source Files\ui</Filter>
    </ClCompile>
    <ClCompile Include="..\src\ios_wrapper.cpp">
      <Filter>Source Files</Filter>
    </ClCompile>
    <ClCompile Include="..\src\Localization.cpp">
      <Filter>Source Files</Filter>
    </ClCompile>
    <ClCompile Include="..\src\blocking.cpp">
      <Filter>Source Files</Filter>
    </ClCompile>
    <ClCompile Include="..\src\coroutines.cpp">
      <Filter>Source Files</Filter>
    </ClCompile>
    <ClCompile Include="..\src\analytics.cpp">
      <Filter>Source Files</Filter>
    </ClCompile>
    <ClCompile Include="..\src\achievements.cpp">
      <Filter>Source Files</Filter>
    </ClCompile>
    <ClCompile Include="..\src\tinyxml_p\bind_dynamics.cpp">
      <Filter>Source Files\tixml</Filter>
    </ClCompile>
    <ClCompile Include="..\src\tinyxml_p\tinybind.cpp">
      <Filter>Source Files\tixml</Filter>
    </ClCompile>
    <ClCompile Include="..\src\tinyxml_p\tinystr.cpp">
      <Filter>Source Files\tixml</Filter>
    </ClCompile>
    <ClCompile Include="..\src\tinyxml_p\tinyxml.cpp">
      <Filter>Source Files\tixml</Filter>
    </ClCompile>
    <ClCompile Include="..\src\tinyxml_p\tinyxmlerror.cpp">
      <Filter>Source Files\tixml</Filter>
    </ClCompile>
    <ClCompile Include="..\src\tinyxml_p\tinyxmlparser.cpp">
      <Filter>Source Files\tixml</Filter>
    </ClCompile>
    <ClCompile Include="..\src\Board2048.cpp">
      <Filter>Source Files</Filter>
    </ClCompile>
    <ClCompile Include="..\src\Popup.cpp">
      <Filter>Source Files</Filter>
    </ClCompile>
    <ClCompile Include="..\src\window.cpp">
      <Filter>Source Files</Filter>
    </ClCompile>
    <ClCompile Include="..\src\SettingWindow.cpp">
      <Filter>Source Files</Filter>
    </ClCompile>
    <ClCompile Include="..\src\MainMenuScreen.cpp">
      <Filter>Source Files</Filter>
    </ClCompile>
  </ItemGroup>
</Project>